
Microsoft Visual Studio Solution File, Format Version 12.00
Project("{FAE04EC0-301F-11D3-BF4B-00C04F79EFBC}") = "devcs", "devcs\devcs.csproj", "{A54520D7-7D3B-4C3D-8CC7-06619B118ECF}"
EndProject
Global
	GlobalSection(SolutionConfigurationPlatforms) = preSolution
		Debug|Any CPU = Debug|Any CPU
		Release|Any CPU = Release|Any CPU
	EndGlobalSection
	GlobalSection(ProjectConfigurationPlatforms) = postSolution
		{A54520D7-7D3B-4C3D-8CC7-06619B118ECF}.Debug|Any CPU.ActiveCfg = Debug|Any CPU
		{A54520D7-7D3B-4C3D-8CC7-06619B118ECF}.Debug|Any CPU.Build.0 = Debug|Any CPU
		{A54520D7-7D3B-4C3D-8CC7-06619B118ECF}.Release|Any CPU.ActiveCfg = Release|Any CPU
		{A54520D7-7D3B-4C3D-8CC7-06619B118ECF}.Release|Any CPU.Build.0 = Release|Any CPU
	EndGlobalSection
EndGlobal
